{
	"name": "insight-reflective-journaling-app",
	"lockfileVersion": 3,
	"requires": true,
	"packages": {
		"": {
			"dependencies": {
				"axios": "^1.7.9",
				"motion": "^12.4.7",
				"react-hot-toast": "^2.5.2",
				"zustand": "^5.0.3"
			},
			"devDependencies": {
				"@types/react": "^19.0.10",
				"@types/react-dom": "^19.0.4",
				"typescript": "^5.7.3"
			}
		},
		"node_modules/@types/react": {
			"version": "19.0.10",
			"resolved": "https://registry.npmjs.org/@types/react/-/react-19.0.10.tgz",
			"integrity": "sha512-JuRQ9KXLEjaUNjTWpzuR231Z2WpIwczOkBEIvbHNCzQefFIT0L8IqE6NV6ULLyC1SI/i234JnDoMkfg+RjQj2g==",
			"devOptional": true,
			"license": "MIT",
			"dependencies": {
				"csstype": "^3.0.2"
			}
		},
		"node_modules/@types/react-dom": {
			"version": "19.0.4",
			"resolved": "https://registry.npmjs.org/@types/react-dom/-/react-dom-19.0.4.tgz",
			"integrity": "sha512-4fSQ8vWFkg+TGhePfUzVmat3eC14TXYSsiiDSLI0dVLsrm9gZFABjPy/Qu6TKgl1tq1Bu1yDsuQgY3A3DOjCcg==",
			"dev": true,
			"license": "MIT",
			"peerDependencies": {
				"@types/react": "^19.0.0"
			}
		},
		"node_modules/asynckit": {
			"version": "0.4.0",
			"resolved": "https://registry.npmjs.org/asynckit/-/asynckit-0.4.0.tgz",
			"integrity": "sha512-Oei9OH4tRh0YqU3GxhX79dM/mwVgvbZJaSNaRk+bshkj0S5cfHcgYakreBjrHwatXKbz+IoIdYLxrKim2MjW0Q==",
			"license": "MIT"
		},
		"node_modules/axios": {
			"version": "1.7.9",
			"resolved": "https://registry.npmjs.org/axios/-/axios-1.7.9.tgz",
			"integrity": "sha512-LhLcE7Hbiryz8oMDdDptSrWowmB4Bl6RCt6sIJKpRB4XtVf0iEgewX3au/pJqm+Py1kCASkb/FFKjxQaLtxJvw==",
			"license": "MIT",
			"dependencies": {
				"follow-redirects": "^1.15.6",
				"form-data": "^4.0.0",
				"proxy-from-env": "^1.1.0"
			}
		},
		"node_modules/combined-stream": {
			"version": "1.0.8",
			"resolved": "https://registry.npmjs.org/combined-stream/-/combined-stream-1.0.8.tgz",
			"integrity": "sha512-FQN4MRfuJeHf7cBbBMJFXhKSDq+2kAArBlmRBvcvFE5BB1HZKXtSFASDhdlz9zOYwxh8lDdnvmMOe/+5cdoEdg==",
			"license": "MIT",
			"dependencies": {
				"delayed-stream": "~1.0.0"
			},
			"engines": {
				"node": ">= 0.8"
			}
		},
		"node_modules/csstype": {
			"version": "3.1.3",
			"resolved": "https://registry.npmjs.org/csstype/-/csstype-3.1.3.tgz",
			"integrity": "sha512-M1uQkMl8rQK/szD0LNhtqxIPLpimGm8sOBwU7lLnCpSbTyY3yeU1Vc7l4KT5zT4s/yOxHH5O7tIuuLOCnLADRw==",
			"license": "MIT"
		},
		"node_modules/delayed-stream": {
			"version": "1.0.0",
			"resolved": "https://registry.npmjs.org/delayed-stream/-/delayed-stream-1.0.0.tgz",
			"integrity": "sha512-ZySD7Nf91aLB0RxL4KGrKHBXl7Eds1DAmEdcoVawXnLD7SDhpNgtuII2aAkg7a7QS41jxPSZ17p4VdGnMHk3MQ==",
			"license": "MIT",
			"engines": {
				"node": ">=0.4.0"
			}
		},
		"node_modules/follow-redirects": {
			"version": "1.15.9",
			"resolved": "https://registry.npmjs.org/follow-redirects/-/follow-redirects-1.15.9.tgz",
			"integrity": "sha512-gew4GsXizNgdoRyqmyfMHyAmXsZDk6mHkSxZFCzW9gwlbtOW44CDtYavM+y+72qD/Vq2l550kMF52DT8fOLJqQ==",
			"funding": [
				{
					"type": "individual",
					"url": "https://github.com/sponsors/RubenVerborgh"
				}
			],
			"license": "MIT",
			"engines": {
				"node": ">=4.0"
			},
			"peerDependenciesMeta": {
				"debug": {
					"optional": true
				}
			}
		},
		"node_modules/form-data": {
			"version": "4.0.1",
			"resolved": "https://registry.npmjs.org/form-data/-/form-data-4.0.1.tgz",
			"integrity": "sha512-tzN8e4TX8+kkxGPK8D5u0FNmjPUjw3lwC9lSLxxoB/+GtsJG91CO8bSWy73APlgAZzZbXEYZJuxjkHH2w+Ezhw==",
			"license": "MIT",
			"dependencies": {
				"asynckit": "^0.4.0",
				"combined-stream": "^1.0.8",
				"mime-types": "^2.1.12"
			},
			"engines": {
				"node": ">= 6"
			}
		},
		"node_modules/framer-motion": {
			"version": "12.4.7",
			"resolved": "https://registry.npmjs.org/framer-motion/-/framer-motion-12.4.7.tgz",
			"integrity": "sha512-VhrcbtcAMXfxlrjeHPpWVu2+mkcoR31e02aNSR7OUS/hZAciKa8q6o3YN2mA1h+jjscRsSyKvX6E1CiY/7OLMw==",
			"license": "MIT",
			"dependencies": {
				"motion-dom": "^12.4.5",
				"motion-utils": "^12.0.0",
				"tslib": "^2.4.0"
			},
			"peerDependencies": {
				"@emotion/is-prop-valid": "*",
				"react": "^18.0.0 || ^19.0.0",
				"react-dom": "^18.0.0 || ^19.0.0"
			},
			"peerDependenciesMeta": {
				"@emotion/is-prop-valid": {
					"optional": true
				},
				"react": {
					"optional": true
				},
				"react-dom": {
					"optional": true
				}
			}
		},
		"node_modules/goober": {
			"version": "2.1.16",
			"resolved": "https://registry.npmjs.org/goober/-/goober-2.1.16.tgz",
			"integrity": "sha512-erjk19y1U33+XAMe1VTvIONHYoSqE4iS7BYUZfHaqeohLmnC0FdxEh7rQU+6MZ4OajItzjZFSRtVANrQwNq6/g==",
			"license": "MIT",
			"peerDependencies": {
				"csstype": "^3.0.10"
			}
		},
		"node_modules/mime-db": {
			"version": "1.52.0",
			"resolved": "https://registry.npmjs.org/mime-db/-/mime-db-1.52.0.tgz",
			"integrity": "sha512-sPU4uV7dYlvtWJxwwxHD0PuihVNiE7TyAbQ5SWxDCB9mUYvOgroQOwYQQOKPJ8CIbE+1ETVlOoK1UC2nU3gYvg==",
			"license": "MIT",
			"engines": {
				"node": ">= 0.6"
			}
		},
		"node_modules/mime-types": {
			"version": "2.1.35",
			"resolved": "https://registry.npmjs.org/mime-types/-/mime-types-2.1.35.tgz",
			"integrity": "sha512-ZDY+bPm5zTTF+YpCrAU9nK0UgICYPT0QtT1NZWFv4s++TNkcgVaT0g6+4R2uI4MjQjzysHB1zxuWL50hzaeXiw==",
			"license": "MIT",
			"dependencies": {
				"mime-db": "1.52.0"
			},
			"engines": {
				"node": ">= 0.6"
			}
		},
		"node_modules/motion": {
			"version": "12.4.7",
			"resolved": "https://registry.npmjs.org/motion/-/motion-12.4.7.tgz",
			"integrity": "sha512-mhegHAbf1r80fr+ytC6OkjKvIUegRNXKLWNPrCN2+GnixlNSPwT03FtKqp9oDny1kNcLWZvwbmEr+JqVryFrcg==",
			"license": "MIT",
			"dependencies": {
				"framer-motion": "^12.4.7",
				"tslib": "^2.4.0"
			},
			"peerDependencies": {
				"@emotion/is-prop-valid": "*",
				"react": "^18.0.0 || ^19.0.0",
				"react-dom": "^18.0.0 || ^19.0.0"
			},
			"peerDependenciesMeta": {
				"@emotion/is-prop-valid": {
					"optional": true
				},
				"react": {
					"optional": true
				},
				"react-dom": {
					"optional": true
				}
			}
		},
		"node_modules/motion-dom": {
			"version": "12.4.5",
			"resolved": "https://registry.npmjs.org/motion-dom/-/motion-dom-12.4.5.tgz",
			"integrity": "sha512-Q2xmhuyYug1CGTo0jdsL05EQ4RhIYXlggFS/yPhQQRNzbrhjKQ1tbjThx5Plv68aX31LsUQRq4uIkuDxdO5vRQ==",
			"license": "MIT",
			"dependencies": {
				"motion-utils": "^12.0.0"
			}
		},
		"node_modules/motion-utils": {
			"version": "12.0.0",
			"resolved": "https://registry.npmjs.org/motion-utils/-/motion-utils-12.0.0.tgz",
			"integrity": "sha512-MNFiBKbbqnmvOjkPyOKgHUp3Q6oiokLkI1bEwm5QA28cxMZrv0CbbBGDNmhF6DIXsi1pCQBSs0dX8xjeER1tmA==",
			"license": "MIT"
		},
		"node_modules/proxy-from-env": {
			"version": "1.1.0",
			"resolved": "https://registry.npmjs.org/proxy-from-env/-/proxy-from-env-1.1.0.tgz",
			"integrity": "sha512-D+zkORCbA9f1tdWRK0RaCR3GPv50cMxcrz4X8k5LTSUD1Dkw47mKJEZQNunItRTkWwgtaUSo1RVFRIG9ZXiFYg==",
			"license": "MIT"
		},
		"node_modules/react": {
			"version": "19.0.0",
			"resolved": "https://registry.npmjs.org/react/-/react-19.0.0.tgz",
			"integrity": "sha512-V8AVnmPIICiWpGfm6GLzCR/W5FXLchHop40W4nXBmdlEceh16rCN8O8LNWm5bh5XUX91fh7KpA+W0TgMKmgTpQ==",
			"license": "MIT",
			"peer": true,
			"engines": {
				"node": ">=0.10.0"
			}
		},
		"node_modules/react-dom": {
			"version": "19.0.0",
			"resolved": "https://registry.npmjs.org/react-dom/-/react-dom-19.0.0.tgz",
			"integrity": "sha512-4GV5sHFG0e/0AD4X+ySy6UJd3jVl1iNsNHdpad0qhABJ11twS3TTBnseqsKurKcsNqCEFeGL3uLpVChpIO3QfQ==",
			"license": "MIT",
			"peer": true,
			"dependencies": {
				"scheduler": "^0.25.0"
			},
			"peerDependencies": {
				"react": "^19.0.0"
			}
		},
		"node_modules/react-hot-toast": {
			"version": "2.5.2",
			"resolved": "https://registry.npmjs.org/react-hot-toast/-/react-hot-toast-2.5.2.tgz",
			"integrity": "sha512-Tun3BbCxzmXXM7C+NI4qiv6lT0uwGh4oAfeJyNOjYUejTsm35mK9iCaYLGv8cBz9L5YxZLx/2ii7zsIwPtPUdw==",
			"license": "MIT",
			"dependencies": {
				"csstype": "^3.1.3",
				"goober": "^2.1.16"
			},
			"engines": {
				"node": ">=10"
			},
			"peerDependencies": {
				"react": ">=16",
				"react-dom": ">=16"
			}
		},
		"node_modules/scheduler": {
			"version": "0.25.0",
			"resolved": "https://registry.npmjs.org/scheduler/-/scheduler-0.25.0.tgz",
			"integrity": "sha512-xFVuu11jh+xcO7JOAGJNOXld8/TcEHK/4CituBUeUb5hqxJLj9YuemAEuvm9gQ/+pgXYfbQuqAkiYu+u7YEsNA==",
			"license": "MIT",
			"peer": true
		},
		"node_modules/tslib": {
			"version": "2.8.1",
			"resolved": "https://registry.npmjs.org/tslib/-/tslib-2.8.1.tgz",
			"integrity": "sha512-oJFu94HQb+KVduSUQL7wnpmqnfmLsOA/nAh6b6EH0wCEoK0/mPeXU6c3wKDV83MkOuHPRHtSXKKU99IBazS/2w==",
			"license": "0BSD"
		},
		"node_modules/typescript": {
			"version": "5.7.3",
			"resolved": "https://registry.npmjs.org/typescript/-/typescript-5.7.3.tgz",
			"integrity": "sha512-84MVSjMEHP+FQRPy3pX9sTVV/INIex71s9TL2Gm5FG/WG1SqXeKyZ0k7/blY/4FdOzI12CBy1vGc4og/eus0fw==",
			"dev": true,
			"license": "Apache-2.0",
			"bin": {
				"tsc": "bin/tsc",
				"tsserver": "bin/tsserver"
			},
			"engines": {
				"node": ">=14.17"
			}
		},
		"node_modules/zustand": {
			"version": "5.0.3",
			"resolved": "https://registry.npmjs.org/zustand/-/zustand-5.0.3.tgz",
			"integrity": "sha512-14fwWQtU3pH4dE0dOpdMiWjddcH+QzKIgk1cl8epwSE7yag43k/AD/m4L6+K7DytAOr9gGBe3/EXj9g7cdostg==",
			"license": "MIT",
			"engines": {
				"node": ">=12.20.0"
			},
			"peerDependencies": {
				"@types/react": ">=18.0.0",
				"immer": ">=9.0.6",
				"react": ">=18.0.0",
				"use-sync-external-store": ">=1.2.0"
			},
			"peerDependenciesMeta": {
				"@types/react": {
					"optional": true
				},
				"immer": {
					"optional": true
				},
				"react": {
					"optional": true
				},
				"use-sync-external-store": {
					"optional": true
				}
			}
		}
	}
}
